
Microsoft Visual Studio Solution File, Format Version 12.00
# Visual Studio Version 17
VisualStudioVersion = 17.1.32210.238
MinimumVisualStudioVersion = 10.0.40219.1
Project("{FAE04EC0-301F-11D3-BF4B-00C04F79EFBC}") = "SkidEl", "SkidEl.csproj", "{828A7224-B67C-496C-AC1B-BD69416C976B}"
EndProject
Global
	GlobalSection(SolutionConfigurationPlatforms) = preSolution
		Debug|Any CPU = Debug|Any CPU
		Release|Any CPU = Release|Any CPU
	EndGlobalSection
	GlobalSection(ProjectConfigurationPlatforms) = postSolution
		{828A7224-B67C-496C-AC1B-BD69416C976B}.Debug|Any CPU.ActiveCfg = Debug|Any CPU
		{828A7224-B67C-496C-AC1B-BD69416C976B}.Debug|Any CPU.Build.0 = Debug|Any CPU
		{828A7224-B67C-496C-AC1B-BD69416C976B}.Release|Any CPU.ActiveCfg = Release|Any CPU
		{828A7224-B67C-496C-AC1B-BD69416C976B}.Release|Any CPU.Build.0 = Release|Any CPU
	EndGlobalSection
	GlobalSection(SolutionProperties) = preSolution
		HideSolutionNode = FALSE
	EndGlobalSection
	GlobalSection(ExtensibilityGlobals) = postSolution
		SolutionGuid = {810FE2BA-E1C6-4920-9F84-7C50B997515F}
	EndGlobalSection
EndGlobal
